
Microsoft Visual Studio Solution File, Format Version 12.00
# Visual Studio 15
VisualStudioVersion = 15.0.28307.1022
MinimumVisualStudioVersion = 10.0.40219.1
Project("{FAE04EC0-301F-11D3-BF4B-00C04F79EFBC}") = "Exercicio01", "Exercicio01\Exercicio01.csproj", "{4004C9F8-6135-4C1F-ACAE-D01E4FEC643B}"
EndProject
Global
	GlobalSection(SolutionConfigurationPlatforms) = preSolution
		Debug|Any CPU = Debug|Any CPU
		Release|Any CPU = Release|Any CPU
	EndGlobalSection
	GlobalSection(ProjectConfigurationPlatforms) = postSolution
		{4004C9F8-6135-4C1F-ACAE-D01E4FEC643B}.Debug|Any CPU.ActiveCfg = Debug|Any CPU
		{4004C9F8-6135-4C1F-ACAE-D01E4FEC643B}.Debug|Any CPU.Build.0 = Debug|Any CPU
		{4004C9F8-6135-4C1F-ACAE-D01E4FEC643B}.Release|Any CPU.ActiveCfg = Release|Any CPU
		{4004C9F8-6135-4C1F-ACAE-D01E4FEC643B}.Release|Any CPU.Build.0 = Release|Any CPU
	EndGlobalSection
	GlobalSection(SolutionProperties) = preSolution
		HideSolutionNode = FALSE
	EndGlobalSection
	GlobalSection(ExtensibilityGlobals) = postSolution
		SolutionGuid = {9584E8DD-EAD4-4594-90D3-6B49B70C5551}
	EndGlobalSection
EndGlobal
