
Microsoft Visual Studio Solution File, Format Version 12.00
# Visual Studio 15
VisualStudioVersion = 15.0.28307.1022
MinimumVisualStudioVersion = 10.0.40219.1
Project("{FAE04EC0-301F-11D3-BF4B-00C04F79EFBC}") = "Exercicio02_Cinema", "Exercicio02_Cinema\Exercicio02_Cinema.csproj", "{5113F0ED-7039-4340-8ED6-BD3646F9B00F}"
EndProject
Global
	GlobalSection(SolutionConfigurationPlatforms) = preSolution
		Debug|Any CPU = Debug|Any CPU
		Release|Any CPU = Release|Any CPU
	EndGlobalSection
	GlobalSection(ProjectConfigurationPlatforms) = postSolution
		{5113F0ED-7039-4340-8ED6-BD3646F9B00F}.Debug|Any CPU.ActiveCfg = Debug|Any CPU
		{5113F0ED-7039-4340-8ED6-BD3646F9B00F}.Debug|Any CPU.Build.0 = Debug|Any CPU
		{5113F0ED-7039-4340-8ED6-BD3646F9B00F}.Release|Any CPU.ActiveCfg = Release|Any CPU
		{5113F0ED-7039-4340-8ED6-BD3646F9B00F}.Release|Any CPU.Build.0 = Release|Any CPU
	EndGlobalSection
	GlobalSection(SolutionProperties) = preSolution
		HideSolutionNode = FALSE
	EndGlobalSection
	GlobalSection(ExtensibilityGlobals) = postSolution
		SolutionGuid = {F7378BED-2E4E-4FFD-B815-93BF08A4D520}
	EndGlobalSection
EndGlobal
